Microsoft Visual Studio Solution File, Format Version 11.00
# Visual Studio 2008

Project("{419DA8CA-795B-476A-96AD-397EE0F49470}") = "OilSweeper", "Assembly-CSharp-firstpass.csproj", "{7A6DE2F8-AB31-4E95-4817-43CD5C33649B}"
EndProject
Project("{419DA8CA-795B-476A-96AD-397EE0F49470}") = "OilSweeper", "Assembly-CSharp.csproj", "{039024EC-C6D8-8531-23DE-9E036CB5A6B0}"
EndProject
Project("{419DA8CA-795B-476A-96AD-397EE0F49470}") = "OilSweeper", "Assembly-CSharp-Editor.csproj", "{51149B0B-10EC-CE58-F246-4055E3157EE5}"
EndProject
Global
	GlobalSection(SolutionConfigurationPlatforms) = preSolution
		Debug|Any CPU = Debug|Any CPU
		Release|Any CPU = Release|Any CPU
	EndGlobalSection
	GlobalSection(ProjectConfigurationPlatforms) = postSolution
		{7A6DE2F8-AB31-4E95-4817-43CD5C33649B}.Debug|Any CPU.ActiveCfg = Debug|Any CPU
		{7A6DE2F8-AB31-4E95-4817-43CD5C33649B}.Debug|Any CPU.Build.0 = Debug|Any CPU
		{7A6DE2F8-AB31-4E95-4817-43CD5C33649B}.Release|Any CPU.ActiveCfg = Release|Any CPU
		{7A6DE2F8-AB31-4E95-4817-43CD5C33649B}.Release|Any CPU.Build.0 = Release|Any CPU
		{039024EC-C6D8-8531-23DE-9E036CB5A6B0}.Debug|Any CPU.ActiveCfg = Debug|Any CPU
		{039024EC-C6D8-8531-23DE-9E036CB5A6B0}.Debug|Any CPU.Build.0 = Debug|Any CPU
		{039024EC-C6D8-8531-23DE-9E036CB5A6B0}.Release|Any CPU.ActiveCfg = Release|Any CPU
		{039024EC-C6D8-8531-23DE-9E036CB5A6B0}.Release|Any CPU.Build.0 = Release|Any CPU
		{51149B0B-10EC-CE58-F246-4055E3157EE5}.Debug|Any CPU.ActiveCfg = Debug|Any CPU
		{51149B0B-10EC-CE58-F246-4055E3157EE5}.Debug|Any CPU.Build.0 = Debug|Any CPU
		{51149B0B-10EC-CE58-F246-4055E3157EE5}.Release|Any CPU.ActiveCfg = Release|Any CPU
		{51149B0B-10EC-CE58-F246-4055E3157EE5}.Release|Any CPU.Build.0 = Release|Any CPU
	EndGlobalSection
	GlobalSection(SolutionProperties) = preSolution
		HideSolutionNode = FALSE
	EndGlobalSection
																																																					GlobalSection(MonoDevelopProperties) = preSolution
		StartupItem = Assembly-CSharp.csproj
		Policies = $0
		$0.TextStylePolicy = $1
		$1.inheritsSet = null
		$1.scope = text/x-csharp
		$0.CSharpFormattingPolicy = $2
		$2.inheritsSet = Mono
		$2.inheritsScope = text/x-csharp
		$2.scope = text/x-csharp
		$0.TextStylePolicy = $3
		$3.FileWidth = 120
		$3.TabWidth = 4
		$3.IndentWidth = 4
		$3.EolMarker = Unix
		$3.inheritsSet = Mono
		$3.inheritsScope = text/plain
		$3.scope = text/plain
	EndGlobalSection

EndGlobal
